
Microsoft Visual Studio Solution File, Format Version 12.00
# Visual Studio Version 17
VisualStudioVersion = 17.7.34031.279
MinimumVisualStudioVersion = 10.0.40219.1
Project("{FAE04EC0-301F-11D3-BF4B-00C04F79EFBC}") = "AdventOfCodeCubeConundrum", "AdventOfCodeCubeConundrum\AdventOfCodeCubeConundrum.csproj", "{14EE3C2A-D93D-4995-8505-1AFC42984682}"
EndProject
Project("{FAE04EC0-301F-11D3-BF4B-00C04F79EFBC}") = "Tests", "Tests\Tests.csproj", "{9FC991BF-1F70-4648-980B-3200422AD5C7}"
EndProject
Global
	GlobalSection(SolutionConfigurationPlatforms) = preSolution
		Debug|Any CPU = Debug|Any CPU
		Release|Any CPU = Release|Any CPU
	EndGlobalSection
	GlobalSection(ProjectConfigurationPlatforms) = postSolution
		{14EE3C2A-D93D-4995-8505-1AFC42984682}.Debug|Any CPU.ActiveCfg = Debug|Any CPU
		{14EE3C2A-D93D-4995-8505-1AFC42984682}.Debug|Any CPU.Build.0 = Debug|Any CPU
		{14EE3C2A-D93D-4995-8505-1AFC42984682}.Release|Any CPU.ActiveCfg = Release|Any CPU
		{14EE3C2A-D93D-4995-8505-1AFC42984682}.Release|Any CPU.Build.0 = Release|Any CPU
		{9FC991BF-1F70-4648-980B-3200422AD5C7}.Debug|Any CPU.ActiveCfg = Debug|Any CPU
		{9FC991BF-1F70-4648-980B-3200422AD5C7}.Debug|Any CPU.Build.0 = Debug|Any CPU
		{9FC991BF-1F70-4648-980B-3200422AD5C7}.Release|Any CPU.ActiveCfg = Release|Any CPU
		{9FC991BF-1F70-4648-980B-3200422AD5C7}.Release|Any CPU.Build.0 = Release|Any CPU
	EndGlobalSection
	GlobalSection(SolutionProperties) = preSolution
		HideSolutionNode = FALSE
	EndGlobalSection
	GlobalSection(ExtensibilityGlobals) = postSolution
		SolutionGuid = {85C938FE-9B1F-4504-9F12-0905AA79E20F}
	EndGlobalSection
EndGlobal
